<Solution>
  <Folder Name="/BuildingBlocks/">
    <Project Path="BuildingBlocks/BuildingBlocks.csproj" Id="1aab67e0-3641-499a-8932-cf891981eae2" />
  </Folder>
  <Folder Name="/Services/">
    <File Path="PostgresCommand.text" />
  </Folder>
  <Folder Name="/Services/Basket/">
    <Project Path="Services/Basket/Basket.API/Basket.API.csproj" Id="28aa4c4f-ecb5-47a6-ad48-8d50281d1bce" />
  </Folder>
  <Folder Name="/Services/Catalog/">
    <Project Path="Services/Catalog/Catalog.API/Catalog.API.csproj" />
  </Folder>
  <Folder Name="/Services/Discount/">
    <Project Path="Services/Discount/Discount.Grpc/Discount.Grpc.csproj" Id="ba993584-e166-4904-b09d-2d1346c53679" />
  </Folder>
  <Folder Name="/Services/Ordering/">
    <Project Path="Services/Ordering/Ordering.API/Ordering.API.csproj" Id="9b9282c5-4883-48f1-aa5f-47993f6a8a6c" />
  </Folder>
  <Project Path="docker-compose.dcproj">
    <Build />
  </Project>
</Solution>
