<Solution>
  <Folder Name="/BuildingBlocks/">
    <Project Path="BuildingBlocks/BuildingBlocks.csproj" Id="1aab67e0-3641-499a-8932-cf891981eae2" />
  </Folder>
  <Folder Name="/Services/" />
  <Folder Name="/Services/Catalog/">
    <Project Path="Catalog.API/Catalog.API.csproj" Id="194217bb-a76a-4f33-84d8-f1d7c6131851" />
  </Folder>
</Solution>
